
Microsoft Visual Studio Solution File, Format Version 12.00
# Visual Studio Version 16
VisualStudioVersion = 16.0.30320.27
MinimumVisualStudioVersion = 10.0.40219.1
Project("{FAE04EC0-301F-11D3-BF4B-00C04F79EFBC}") = "Gridland Provinces", "Gridland Provinces.csproj", "{81AF1EFC-5793-403E-86E5-9B9F665B38D7}"
EndProject
Project("{FAE04EC0-301F-11D3-BF4B-00C04F79EFBC}") = "Gridland ProvincesTests", "..\Gridland ProvincesTests\Gridland ProvincesTests.csproj", "{87A0CA97-4CF9-4EB4-942B-B3EDCA4A641D}"
EndProject
Global
	GlobalSection(SolutionConfigurationPlatforms) = preSolution
		Debug|Any CPU = Debug|Any CPU
		Release|Any CPU = Release|Any CPU
	EndGlobalSection
	GlobalSection(ProjectConfigurationPlatforms) = postSolution
		{81AF1EFC-5793-403E-86E5-9B9F665B38D7}.Debug|Any CPU.ActiveCfg = Debug|Any CPU
		{81AF1EFC-5793-403E-86E5-9B9F665B38D7}.Debug|Any CPU.Build.0 = Debug|Any CPU
		{81AF1EFC-5793-403E-86E5-9B9F665B38D7}.Release|Any CPU.ActiveCfg = Release|Any CPU
		{81AF1EFC-5793-403E-86E5-9B9F665B38D7}.Release|Any CPU.Build.0 = Release|Any CPU
		{87A0CA97-4CF9-4EB4-942B-B3EDCA4A641D}.Debug|Any CPU.ActiveCfg = Debug|Any CPU
		{87A0CA97-4CF9-4EB4-942B-B3EDCA4A641D}.Debug|Any CPU.Build.0 = Debug|Any CPU
		{87A0CA97-4CF9-4EB4-942B-B3EDCA4A641D}.Release|Any CPU.ActiveCfg = Release|Any CPU
		{87A0CA97-4CF9-4EB4-942B-B3EDCA4A641D}.Release|Any CPU.Build.0 = Release|Any CPU
	EndGlobalSection
	GlobalSection(SolutionProperties) = preSolution
		HideSolutionNode = FALSE
	EndGlobalSection
	GlobalSection(ExtensibilityGlobals) = postSolution
		SolutionGuid = {C0BE397B-D6AA-486A-B393-4CC020A0AB43}
	EndGlobalSection
EndGlobal
